{
  "name": "energy-prompt-ninja",
  "lockfileVersion": 3,
  "requires": true,
  "packages": {
    "": {
      "dependencies": {
        "energy-prompt-ninja": "file:.."
      }
    },
    "..": {
      "version": "1.0.0",
      "license": "ISC",
      "devDependencies": {
        "chai": "^4.4.1",
        "jsdom": "^24.0.0",
        "mocha": "^10.4.0"
      }
    },
    "node_modules/energy-prompt-ninja": {
      "resolved": "..",
      "link": true
    }
  }
}
